Microsoft Visual Studio Solution File, Format Version 12.00
# Visual Studio Version 17
VisualStudioVersion = 17.14.36623.8
MinimumVisualStudioVersion = 10.0.40219.1
Project("{FAE04EC0-301F-11D3-BF4B-00C04F79EFBC}") = "StudentResultSystem", "StudentResultSystem\StudentResultSystem.csproj", "{59CD8035-0EF2-4122-9247-540B3B9CC22F}"
EndProject
Project("{FAE04EC0-301F-11D3-BF4B-00C04F79EFBC}") = "StudentResultSystem.Domain", "StudentResultSystem.Domain\StudentResultSystem.Domain.csproj", "{1B8D811C-14E2-4CE0-B23D-4197CD50F841}"
EndProject
Project("{FAE04EC0-301F-11D3-BF4B-00C04F79EFBC}") = "StudentResultSystem.Application", "StudentResultSystem.Application\StudentResultSystem.Application.csproj", "{62A0D417-8FA3-41B6-AB11-E82E20F083B1}"
EndProject
Project("{FAE04EC0-301F-11D3-BF4B-00C04F79EFBC}") = "StudentResultSystem.Infrastructure", "StudentResultSystem.Infrastructure\StudentResultSystem.Infrastructure.csproj", "{E981A421-2F2E-4D57-A4CA-4DF573FD1A6B}"
EndProject
Global
	GlobalSection(SolutionConfigurationPlatforms) = preSolution
		Debug|Any CPU = Debug|Any CPU
		Release|Any CPU = Release|Any CPU
	EndGlobalSection
	GlobalSection(ProjectConfigurationPlatforms) = postSolution
		{59CD8035-0EF2-4122-9247-540B3B9CC22F}.Debug|Any CPU.ActiveCfg = Debug|Any CPU
		{59CD8035-0EF2-4122-9247-540B3B9CC22F}.Debug|Any CPU.Build.0 = Debug|Any CPU
		{59CD8035-0EF2-4122-9247-540B3B9CC22F}.Release|Any CPU.ActiveCfg = Release|Any CPU
		{59CD8035-0EF2-4122-9247-540B3B9CC22F}.Release|Any CPU.Build.0 = Release|Any CPU
		{1B8D811C-14E2-4CE0-B23D-4197CD50F841}.Debug|Any CPU.ActiveCfg = Debug|Any CPU
		{1B8D811C-14E2-4CE0-B23D-4197CD50F841}.Debug|Any CPU.Build.0 = Debug|Any CPU
		{1B8D811C-14E2-4CE0-B23D-4197CD50F841}.Release|Any CPU.ActiveCfg = Release|Any CPU
		{1B8D811C-14E2-4CE0-B23D-4197CD50F841}.Release|Any CPU.Build.0 = Release|Any CPU
		{62A0D417-8FA3-41B6-AB11-E82E20F083B1}.Debug|Any CPU.ActiveCfg = Debug|Any CPU
		{62A0D417-8FA3-41B6-AB11-E82E20F083B1}.Debug|Any CPU.Build.0 = Debug|Any CPU
		{62A0D417-8FA3-41B6-AB11-E82E20F083B1}.Release|Any CPU.ActiveCfg = Release|Any CPU
		{62A0D417-8FA3-41B6-AB11-E82E20F083B1}.Release|Any CPU.Build.0 = Release|Any CPU
		{E981A421-2F2E-4D57-A4CA-4DF573FD1A6B}.Debug|Any CPU.ActiveCfg = Debug|Any CPU
		{E981A421-2F2E-4D57-A4CA-4DF573FD1A6B}.Debug|Any CPU.Build.0 = Debug|Any CPU
		{E981A421-2F2E-4D57-A4CA-4DF573FD1A6B}.Release|Any CPU.ActiveCfg = Release|Any CPU
		{E981A421-2F2E-4D57-A4CA-4DF573FD1A6B}.Release|Any CPU.Build.0 = Release|Any CPU
	EndGlobalSection
	GlobalSection(SolutionProperties) = preSolution
		HideSolutionNode = FALSE
	EndGlobalSection
	GlobalSection(ExtensibilityGlobals) = postSolution
		SolutionGuid = {1B20AAC5-B212-482A-B3EB-739661E6C9E8}
	EndGlobalSection
EndGlobal
